
Microsoft Visual Studio Solution File, Format Version 11.00
# Visual Studio 2010
Project("{FAE04EC0-301F-11D3-BF4B-00C04F79EFBC}") = "Assembly-CSharp", "Assembly-CSharp.csproj", "{f0ebdb4a-dbe4-3612-ebfe-02cae109672f}"
EndProject
Project("{FAE04EC0-301F-11D3-BF4B-00C04F79EFBC}") = "Assembly-CSharp-Editor", "Assembly-CSharp-Editor.csproj", "{2bd91d4c-e0bd-d647-ae4d-bafb3dc948e6}"
EndProject
Global
	GlobalSection(SolutionConfigurationPlatforms) = preSolution
		Debug|Any CPU = Debug|Any CPU
	EndGlobalSection
	GlobalSection(ProjectConfigurationPlatforms) = postSolution
		{f0ebdb4a-dbe4-3612-ebfe-02cae109672f}.Debug|Any CPU.ActiveCfg = Debug|Any CPU
		{f0ebdb4a-dbe4-3612-ebfe-02cae109672f}.Debug|Any CPU.Build.0 = Debug|Any CPU
		{2bd91d4c-e0bd-d647-ae4d-bafb3dc948e6}.Debug|Any CPU.ActiveCfg = Debug|Any CPU
		{2bd91d4c-e0bd-d647-ae4d-bafb3dc948e6}.Debug|Any CPU.Build.0 = Debug|Any CPU
	EndGlobalSection
	GlobalSection(SolutionProperties) = preSolution
		HideSolutionNode = FALSE
	EndGlobalSection
EndGlobal
